{
  "name": "derespose-poses",
  "version": "1.0.0",
  "lockfileVersion": 3,
  "requires": true,
  "packages": {
    "": {
      "name": "derespose-poses",
      "version": "1.0.0",
      "dependencies": {
        "jimp": "^0.16.2",
        "jszip": "^3.10.1",
        "marked": "^4.2.5",
        "ngx-mp-pose-extractor": "github:mugiply/mp-video-pose-extractor#library",
        "rimraf": "3.0.2",
        "ts-node": "10.9.1",
        "typescript": "4.7.4"
      },
      "devDependencies": {
        "@types/node": "^18.11.18"
      }
    },
    "node_modules/@babel/runtime": {
      "version": "7.20.13",
      "license": "MIT",
      "dependencies": {
        "regenerator-runtime": "^0.13.11"
      },
      "engines": {
        "node": ">=6.9.0"
      }
    },
    "node_modules/@cspotcode/source-map-support": {
      "version": "0.8.1",
      "license": "MIT",
      "dependencies": {
        "@jridgewell/trace-mapping": "0.3.9"
      },
      "engines": {
        "node": ">=12"
      }
    },
    "node_modules/@jimp/bmp": {
      "version": "0.16.2",
      "license": "MIT",
      "dependencies": {
        "@babel/runtime": "^7.7.2",
        "@jimp/utils": "^0.16.2",
        "bmp-js": "^0.1.0"
      },
      "peerDependencies": {
        "@jimp/custom": ">=0.3.5"
      }
    },
    "node_modules/@jimp/core": {
      "version": "0.16.2",
      "license": "MIT",
      "dependencies": {
        "@babel/runtime": "^7.7.2",
        "@jimp/utils": "^0.16.2",
        "any-base": "^1.1.0",
        "buffer": "^5.2.0",
        "exif-parser": "^0.1.12",
        "file-type": "^9.0.0",
        "load-bmfont": "^1.3.1",
        "mkdirp": "^0.5.1",
        "phin": "^2.9.1",
        "pixelmatch": "^4.0.2",
        "tinycolor2": "^1.4.1"
      }
    },
    "node_modules/@jimp/custom": {
      "version": "0.16.2",
      "license": "MIT",
      "dependencies": {
        "@babel/runtime": "^7.7.2",
        "@jimp/core": "^0.16.2"
      }
    },
    "node_modules/@jimp/gif": {
      "version": "0.16.2",
      "license": "MIT",
      "dependencies": {
        "@babel/runtime": "^7.7.2",
        "@jimp/utils": "^0.16.2",
        "gifwrap": "^0.9.2",
        "omggif": "^1.0.9"
      },
      "peerDependencies": {
        "@jimp/custom": ">=0.3.5"
      }
    },
    "node_modules/@jimp/jpeg": {
      "version": "0.16.2",
      "license": "MIT",
      "dependencies": {
        "@babel/runtime": "^7.7.2",
        "@jimp/utils": "^0.16.2",
        "jpeg-js": "^0.4.2"
      },
      "peerDependencies": {
        "@jimp/custom": ">=0.3.5"
      }
    },
    "node_modules/@jimp/plugin-blit": {
      "version": "0.16.2",
      "license": "MIT",
      "dependencies": {
        "@babel/runtime": "^7.7.2",
        "@jimp/utils": "^0.16.2"
      },
      "peerDependencies": {
        "@jimp/custom": ">=0.3.5"
      }
    },
    "node_modules/@jimp/plugin-blur": {
      "version": "0.16.2",
      "license": "MIT",
      "dependencies": {
        "@babel/runtime": "^7.7.2",
        "@jimp/utils": "^0.16.2"
      },
      "peerDependencies": {
        "@jimp/custom": ">=0.3.5"
      }
    },
    "node_modules/@jimp/plugin-circle": {
      "version": "0.16.2",
      "license": "MIT",
      "dependencies": {
        "@babel/runtime": "^7.7.2",
        "@jimp/utils": "^0.16.2"
      },
      "peerDependencies": {
        "@jimp/custom": ">=0.3.5"
      }
    },
    "node_modules/@jimp/plugin-color": {
      "version": "0.16.2",
      "license": "MIT",
      "dependencies": {
        "@babel/runtime": "^7.7.2",
        "@jimp/utils": "^0.16.2",
        "tinycolor2": "^1.4.1"
      },
      "peerDependencies": {
        "@jimp/custom": ">=0.3.5"
      }
    },
    "node_modules/@jimp/plugin-contain": {
      "version": "0.16.2",
      "license": "MIT",
      "dependencies": {
        "@babel/runtime": "^7.7.2",
        "@jimp/utils": "^0.16.2"
      },
      "peerDependencies": {
        "@jimp/custom": ">=0.3.5",
        "@jimp/plugin-blit": ">=0.3.5",
        "@jimp/plugin-resize": ">=0.3.5",
        "@jimp/plugin-scale": ">=0.3.5"
      }
    },
    "node_modules/@jimp/plugin-cover": {
      "version": "0.16.2",
      "license": "MIT",
      "dependencies": {
        "@babel/runtime": "^7.7.2",
        "@jimp/utils": "^0.16.2"
      },
      "peerDependencies": {
        "@jimp/custom": ">=0.3.5",
        "@jimp/plugin-crop": ">=0.3.5",
        "@jimp/plugin-resize": ">=0.3.5",
        "@jimp/plugin-scale": ">=0.3.5"
      }
    },
    "node_modules/@jimp/plugin-crop": {
      "version": "0.16.2",
      "license": "MIT",
      "dependencies": {
        "@babel/runtime": "^7.7.2",
        "@jimp/utils": "^0.16.2"
      },
      "peerDependencies": {
        "@jimp/custom": ">=0.3.5"
      }
    },
    "node_modules/@jimp/plugin-displace": {
      "version": "0.16.2",
      "license": "MIT",
      "dependencies": {
        "@babel/runtime": "^7.7.2",
        "@jimp/utils": "^0.16.2"
      },
      "peerDependencies": {
        "@jimp/custom": ">=0.3.5"
      }
    },
    "node_modules/@jimp/plugin-dither": {
      "version": "0.16.2",
      "license": "MIT",
      "dependencies": {
        "@babel/runtime": "^7.7.2",
        "@jimp/utils": "^0.16.2"
      },
      "peerDependencies": {
        "@jimp/custom": ">=0.3.5"
      }
    },
    "node_modules/@jimp/plugin-fisheye": {
      "version": "0.16.2",
      "license": "MIT",
      "dependencies": {
        "@babel/runtime": "^7.7.2",
        "@jimp/utils": "^0.16.2"
      },
      "peerDependencies": {
        "@jimp/custom": ">=0.3.5"
      }
    },
    "node_modules/@jimp/plugin-flip": {
      "version": "0.16.2",
      "license": "MIT",
      "dependencies": {
        "@babel/runtime": "^7.7.2",
        "@jimp/utils": "^0.16.2"
      },
      "peerDependencies": {
        "@jimp/custom": ">=0.3.5",
        "@jimp/plugin-rotate": ">=0.3.5"
      }
    },
    "node_modules/@jimp/plugin-gaussian": {
      "version": "0.16.2",
      "license": "MIT",
      "dependencies": {
        "@babel/runtime": "^7.7.2",
        "@jimp/utils": "^0.16.2"
      },
      "peerDependencies": {
        "@jimp/custom": ">=0.3.5"
      }
    },
    "node_modules/@jimp/plugin-invert": {
      "version": "0.16.2",
      "license": "MIT",
      "dependencies": {
        "@babel/runtime": "^7.7.2",
        "@jimp/utils": "^0.16.2"
      },
      "peerDependencies": {
        "@jimp/custom": ">=0.3.5"
      }
    },
    "node_modules/@jimp/plugin-mask": {
      "version": "0.16.2",
      "license": "MIT",
      "dependencies": {
        "@babel/runtime": "^7.7.2",
        "@jimp/utils": "^0.16.2"
      },
      "peerDependencies": {
        "@jimp/custom": ">=0.3.5"
      }
    },
    "node_modules/@jimp/plugin-normalize": {
      "version": "0.16.2",
      "license": "MIT",
      "dependencies": {
        "@babel/runtime": "^7.7.2",
        "@jimp/utils": "^0.16.2"
      },
      "peerDependencies": {
        "@jimp/custom": ">=0.3.5"
      }
    },
    "node_modules/@jimp/plugin-print": {
      "version": "0.16.2",
      "license": "MIT",
      "dependencies": {
        "@babel/runtime": "^7.7.2",
        "@jimp/utils": "^0.16.2",
        "load-bmfont": "^1.4.0"
      },
      "peerDependencies": {
        "@jimp/custom": ">=0.3.5",
        "@jimp/plugin-blit": ">=0.3.5"
      }
    },
    "node_modules/@jimp/plugin-resize": {
      "version": "0.16.2",
      "license": "MIT",
      "dependencies": {
        "@babel/runtime": "^7.7.2",
        "@jimp/utils": "^0.16.2"
      },
      "peerDependencies": {
        "@jimp/custom": ">=0.3.5"
      }
    },
    "node_modules/@jimp/plugin-rotate": {
      "version": "0.16.2",
      "license": "MIT",
      "dependencies": {
        "@babel/runtime": "^7.7.2",
        "@jimp/utils": "^0.16.2"
      },
      "peerDependencies": {
        "@jimp/custom": ">=0.3.5",
        "@jimp/plugin-blit": ">=0.3.5",
        "@jimp/plugin-crop": ">=0.3.5",
        "@jimp/plugin-resize": ">=0.3.5"
      }
    },
    "node_modules/@jimp/plugin-scale": {
      "version": "0.16.2",
      "license": "MIT",
      "dependencies": {
        "@babel/runtime": "^7.7.2",
        "@jimp/utils": "^0.16.2"
      },
      "peerDependencies": {
        "@jimp/custom": ">=0.3.5",
        "@jimp/plugin-resize": ">=0.3.5"
      }
    },
    "node_modules/@jimp/plugin-shadow": {
      "version": "0.16.2",
      "license": "MIT",
      "dependencies": {
        "@babel/runtime": "^7.7.2",
        "@jimp/utils": "^0.16.2"
      },
      "peerDependencies": {
        "@jimp/custom": ">=0.3.5",
        "@jimp/plugin-blur": ">=0.3.5",
        "@jimp/plugin-resize": ">=0.3.5"
      }
    },
    "node_modules/@jimp/plugin-threshold": {
      "version": "0.16.2",
      "license": "MIT",
      "dependencies": {
        "@babel/runtime": "^7.7.2",
        "@jimp/utils": "^0.16.2"
      },
      "peerDependencies": {
        "@jimp/custom": ">=0.3.5",
        "@jimp/plugin-color": ">=0.8.0",
        "@jimp/plugin-resize": ">=0.8.0"
      }
    },
    "node_modules/@jimp/plugins": {
      "version": "0.16.2",
      "license": "MIT",
      "dependencies": {
        "@babel/runtime": "^7.7.2",
        "@jimp/plugin-blit": "^0.16.2",
        "@jimp/plugin-blur": "^0.16.2",
        "@jimp/plugin-circle": "^0.16.2",
        "@jimp/plugin-color": "^0.16.2",
        "@jimp/plugin-contain": "^0.16.2",
        "@jimp/plugin-cover": "^0.16.2",
        "@jimp/plugin-crop": "^0.16.2",
        "@jimp/plugin-displace": "^0.16.2",
        "@jimp/plugin-dither": "^0.16.2",
        "@jimp/plugin-fisheye": "^0.16.2",
        "@jimp/plugin-flip": "^0.16.2",
        "@jimp/plugin-gaussian": "^0.16.2",
        "@jimp/plugin-invert": "^0.16.2",
        "@jimp/plugin-mask": "^0.16.2",
        "@jimp/plugin-normalize": "^0.16.2",
        "@jimp/plugin-print": "^0.16.2",
        "@jimp/plugin-resize": "^0.16.2",
        "@jimp/plugin-rotate": "^0.16.2",
        "@jimp/plugin-scale": "^0.16.2",
        "@jimp/plugin-shadow": "^0.16.2",
        "@jimp/plugin-threshold": "^0.16.2",
        "timm": "^1.6.1"
      },
      "peerDependencies": {
        "@jimp/custom": ">=0.3.5"
      }
    },
    "node_modules/@jimp/png": {
      "version": "0.16.2",
      "license": "MIT",
      "dependencies": {
        "@babel/runtime": "^7.7.2",
        "@jimp/utils": "^0.16.2",
        "pngjs": "^3.3.3"
      },
      "peerDependencies": {
        "@jimp/custom": ">=0.3.5"
      }
    },
    "node_modules/@jimp/tiff": {
      "version": "0.16.2",
      "license": "MIT",
      "dependencies": {
        "@babel/runtime": "^7.7.2",
        "utif": "^2.0.1"
      },
      "peerDependencies": {
        "@jimp/custom": ">=0.3.5"
      }
    },
    "node_modules/@jimp/types": {
      "version": "0.16.2",
      "license": "MIT",
      "dependencies": {
        "@babel/runtime": "^7.7.2",
        "@jimp/bmp": "^0.16.2",
        "@jimp/gif": "^0.16.2",
        "@jimp/jpeg": "^0.16.2",
        "@jimp/png": "^0.16.2",
        "@jimp/tiff": "^0.16.2",
        "timm": "^1.6.1"
      },
      "peerDependencies": {
        "@jimp/custom": ">=0.3.5"
      }
    },
    "node_modules/@jimp/utils": {
      "version": "0.16.2",
      "license": "MIT",
      "dependencies": {
        "@babel/runtime": "^7.7.2",
        "regenerator-runtime": "^0.13.3"
      }
    },
    "node_modules/@jridgewell/resolve-uri": {
      "version": "3.1.0",
      "license": "MIT",
      "engines": {
        "node": ">=6.0.0"
      }
    },
    "node_modules/@jridgewell/sourcemap-codec": {
      "version": "1.4.14",
      "license": "MIT"
    },
    "node_modules/@jridgewell/trace-mapping": {
      "version": "0.3.9",
      "license": "MIT",
      "dependencies": {
        "@jridgewell/resolve-uri": "^3.0.3",
        "@jridgewell/sourcemap-codec": "^1.4.10"
      }
    },
    "node_modules/@tsconfig/node10": {
      "version": "1.0.9",
      "license": "MIT"
    },
    "node_modules/@tsconfig/node12": {
      "version": "1.0.11",
      "license": "MIT"
    },
    "node_modules/@tsconfig/node14": {
      "version": "1.0.3",
      "license": "MIT"
    },
    "node_modules/@tsconfig/node16": {
      "version": "1.0.3",
      "license": "MIT"
    },
    "node_modules/@types/node": {
      "version": "18.11.18",
      "dev": true,
      "license": "MIT"
    },
    "node_modules/acorn": {
      "version": "8.8.2",
      "license": "MIT",
      "bin": {
        "acorn": "bin/acorn"
      },
      "engines": {
        "node": ">=0.4.0"
      }
    },
    "node_modules/acorn-walk": {
      "version": "8.2.0",
      "license": "MIT",
      "engines": {
        "node": ">=0.4.0"
      }
    },
    "node_modules/any-base": {
      "version": "1.1.0",
      "license": "MIT"
    },
    "node_modules/arg": {
      "version": "4.1.3",
      "license": "MIT"
    },
    "node_modules/balanced-match": {
      "version": "1.0.2",
      "license": "MIT"
    },
    "node_modules/base64-js": {
      "version": "1.5.1",
      "funding": [
        {
          "type": "github",
          "url": "https://github.com/sponsors/feross"
        },
        {
          "type": "patreon",
          "url": "https://www.patreon.com/feross"
        },
        {
          "type": "consulting",
          "url": "https://feross.org/support"
        }
      ],
      "license": "MIT"
    },
    "node_modules/bmp-js": {
      "version": "0.1.0",
      "license": "MIT"
    },
    "node_modules/brace-expansion": {
      "version": "1.1.11",
      "license": "MIT",
      "dependencies": {
        "balanced-match": "^1.0.0",
        "concat-map": "0.0.1"
      }
    },
    "node_modules/buffer": {
      "version": "5.7.1",
      "funding": [
        {
          "type": "github",
          "url": "https://github.com/sponsors/feross"
        },
        {
          "type": "patreon",
          "url": "https://www.patreon.com/feross"
        },
        {
          "type": "consulting",
          "url": "https://feross.org/support"
        }
      ],
      "license": "MIT",
      "dependencies": {
        "base64-js": "^1.3.1",
        "ieee754": "^1.1.13"
      }
    },
    "node_modules/buffer-equal": {
      "version": "0.0.1",
      "license": "MIT",
      "engines": {
        "node": ">=0.4.0"
      }
    },
    "node_modules/concat-map": {
      "version": "0.0.1",
      "license": "MIT"
    },
    "node_modules/core-util-is": {
      "version": "1.0.3",
      "license": "MIT"
    },
    "node_modules/create-require": {
      "version": "1.1.1",
      "license": "MIT"
    },
    "node_modules/diff": {
      "version": "4.0.2",
      "license": "BSD-3-Clause",
      "engines": {
        "node": ">=0.3.1"
      }
    },
    "node_modules/dom-walk": {
      "version": "0.1.2"
    },
    "node_modules/exif-parser": {
      "version": "0.1.12"
    },
    "node_modules/file-type": {
      "version": "9.0.0",
      "license": "MIT",
      "engines": {
        "node": ">=6"
      }
    },
    "node_modules/fs.realpath": {
      "version": "1.0.0",
      "license": "ISC"
    },
    "node_modules/gifwrap": {
      "version": "0.9.4",
      "license": "MIT",
      "dependencies": {
        "image-q": "^4.0.0",
        "omggif": "^1.0.10"
      }
    },
    "node_modules/glob": {
      "version": "7.2.3",
      "license": "ISC",
      "dependencies": {
        "fs.realpath": "^1.0.0",
        "inflight": "^1.0.4",
        "inherits": "2",
        "minimatch": "^3.1.1",
        "once": "^1.3.0",
        "path-is-absolute": "^1.0.0"
      },
      "engines": {
        "node": "*"
      },
      "funding": {
        "url": "https://github.com/sponsors/isaacs"
      }
    },
    "node_modules/global": {
      "version": "4.4.0",
      "license": "MIT",
      "dependencies": {
        "min-document": "^2.19.0",
        "process": "^0.11.10"
      }
    },
    "node_modules/ieee754": {
      "version": "1.2.1",
      "funding": [
        {
          "type": "github",
          "url": "https://github.com/sponsors/feross"
        },
        {
          "type": "patreon",
          "url": "https://www.patreon.com/feross"
        },
        {
          "type": "consulting",
          "url": "https://feross.org/support"
        }
      ],
      "license": "BSD-3-Clause"
    },
    "node_modules/image-q": {
      "version": "4.0.0",
      "license": "MIT",
      "dependencies": {
        "@types/node": "16.9.1"
      }
    },
    "node_modules/image-q/node_modules/@types/node": {
      "version": "16.9.1",
      "license": "MIT"
    },
    "node_modules/immediate": {
      "version": "3.0.6",
      "license": "MIT"
    },
    "node_modules/inflight": {
      "version": "1.0.6",
      "license": "ISC",
      "dependencies": {
        "once": "^1.3.0",
        "wrappy": "1"
      }
    },
    "node_modules/inherits": {
      "version": "2.0.4",
      "license": "ISC"
    },
    "node_modules/is-function": {
      "version": "1.0.2",
      "license": "MIT"
    },
    "node_modules/isarray": {
      "version": "1.0.0",
      "license": "MIT"
    },
    "node_modules/jimp": {
      "version": "0.16.2",
      "license": "MIT",
      "dependencies": {
        "@babel/runtime": "^7.7.2",
        "@jimp/custom": "^0.16.2",
        "@jimp/plugins": "^0.16.2",
        "@jimp/types": "^0.16.2",
        "regenerator-runtime": "^0.13.3"
      }
    },
    "node_modules/jpeg-js": {
      "version": "0.4.4",
      "license": "BSD-3-Clause"
    },
    "node_modules/jszip": {
      "version": "3.10.1",
      "license": "(MIT OR GPL-3.0-or-later)",
      "dependencies": {
        "lie": "~3.3.0",
        "pako": "~1.0.2",
        "readable-stream": "~2.3.6",
        "setimmediate": "^1.0.5"
      }
    },
    "node_modules/lie": {
      "version": "3.3.0",
      "license": "MIT",
      "dependencies": {
        "immediate": "~3.0.5"
      }
    },
    "node_modules/load-bmfont": {
      "version": "1.4.1",
      "license": "MIT",
      "dependencies": {
        "buffer-equal": "0.0.1",
        "mime": "^1.3.4",
        "parse-bmfont-ascii": "^1.0.3",
        "parse-bmfont-binary": "^1.0.5",
        "parse-bmfont-xml": "^1.1.4",
        "phin": "^2.9.1",
        "xhr": "^2.0.1",
        "xtend": "^4.0.0"
      }
    },
    "node_modules/make-error": {
      "version": "1.3.6",
      "license": "ISC"
    },
    "node_modules/marked": {
      "version": "4.2.12",
      "license": "MIT",
      "bin": {
        "marked": "bin/marked.js"
      },
      "engines": {
        "node": ">= 12"
      }
    },
    "node_modules/mime": {
      "version": "1.6.0",
      "license": "MIT",
      "bin": {
        "mime": "cli.js"
      },
      "engines": {
        "node": ">=4"
      }
    },
    "node_modules/min-document": {
      "version": "2.19.0",
      "dependencies": {
        "dom-walk": "^0.1.0"
      }
    },
    "node_modules/minimatch": {
      "version": "3.1.2",
      "license": "ISC",
      "dependencies": {
        "brace-expansion": "^1.1.7"
      },
      "engines": {
        "node": "*"
      }
    },
    "node_modules/minimist": {
      "version": "1.2.7",
      "license": "MIT",
      "funding": {
        "url": "https://github.com/sponsors/ljharb"
      }
    },
    "node_modules/mkdirp": {
      "version": "0.5.6",
      "license": "MIT",
      "dependencies": {
        "minimist": "^1.2.6"
      },
      "bin": {
        "mkdirp": "bin/cmd.js"
      }
    },
    "node_modules/ngx-mp-pose-extractor": {
      "version": "0.0.1",
      "resolved": "git+ssh://git@github.com/mugiply/mp-video-pose-extractor.git#a3b81080e6c3bcfaed24df8953407aa65720deb4",
      "dependencies": {
        "tslib": "^2.3.0"
      },
      "peerDependencies": {
        "@angular/common": "^15.0.0",
        "@angular/core": "^15.0.0",
        "@mediapipe/drawing_utils": "^0.3.1620248257",
        "@mediapipe/holistic": "^0.5.1635989137",
        "cos-similarity": "^1.1.1",
        "jszip": "^3.10.1"
      }
    },
    "node_modules/omggif": {
      "version": "1.0.10",
      "license": "MIT"
    },
    "node_modules/once": {
      "version": "1.4.0",
      "license": "ISC",
      "dependencies": {
        "wrappy": "1"
      }
    },
    "node_modules/pako": {
      "version": "1.0.11",
      "license": "(MIT AND Zlib)"
    },
    "node_modules/parse-bmfont-ascii": {
      "version": "1.0.6",
      "license": "MIT"
    },
    "node_modules/parse-bmfont-binary": {
      "version": "1.0.6",
      "license": "MIT"
    },
    "node_modules/parse-bmfont-xml": {
      "version": "1.1.4",
      "license": "MIT",
      "dependencies": {
        "xml-parse-from-string": "^1.0.0",
        "xml2js": "^0.4.5"
      }
    },
    "node_modules/parse-headers": {
      "version": "2.0.5",
      "license": "MIT"
    },
    "node_modules/path-is-absolute": {
      "version": "1.0.1",
      "license": "MIT",
      "engines": {
        "node": ">=0.10.0"
      }
    },
    "node_modules/phin": {
      "version": "2.9.3",
      "license": "MIT"
    },
    "node_modules/pixelmatch": {
      "version": "4.0.2",
      "license": "ISC",
      "dependencies": {
        "pngjs": "^3.0.0"
      },
      "bin": {
        "pixelmatch": "bin/pixelmatch"
      }
    },
    "node_modules/pngjs": {
      "version": "3.4.0",
      "license": "MIT",
      "engines": {
        "node": ">=4.0.0"
      }
    },
    "node_modules/process": {
      "version": "0.11.10",
      "license": "MIT",
      "engines": {
        "node": ">= 0.6.0"
      }
    },
    "node_modules/process-nextick-args": {
      "version": "2.0.1",
      "license": "MIT"
    },
    "node_modules/readable-stream": {
      "version": "2.3.7",
      "license": "MIT",
      "dependencies": {
        "core-util-is": "~1.0.0",
        "inherits": "~2.0.3",
        "isarray": "~1.0.0",
        "process-nextick-args": "~2.0.0",
        "safe-buffer": "~5.1.1",
        "string_decoder": "~1.1.1",
        "util-deprecate": "~1.0.1"
      }
    },
    "node_modules/regenerator-runtime": {
      "version": "0.13.11",
      "license": "MIT"
    },
    "node_modules/rimraf": {
      "version": "3.0.2",
      "license": "ISC",
      "dependencies": {
        "glob": "^7.1.3"
      },
      "bin": {
        "rimraf": "bin.js"
      },
      "funding": {
        "url": "https://github.com/sponsors/isaacs"
      }
    },
    "node_modules/safe-buffer": {
      "version": "5.1.2",
      "license": "MIT"
    },
    "node_modules/sax": {
      "version": "1.2.4",
      "license": "ISC"
    },
    "node_modules/setimmediate": {
      "version": "1.0.5",
      "license": "MIT"
    },
    "node_modules/string_decoder": {
      "version": "1.1.1",
      "license": "MIT",
      "dependencies": {
        "safe-buffer": "~5.1.0"
      }
    },
    "node_modules/timm": {
      "version": "1.7.1",
      "license": "MIT"
    },
    "node_modules/tinycolor2": {
      "version": "1.5.2",
      "license": "MIT"
    },
    "node_modules/ts-node": {
      "version": "10.9.1",
      "license": "MIT",
      "dependencies": {
        "@cspotcode/source-map-support": "^0.8.0",
        "@tsconfig/node10": "^1.0.7",
        "@tsconfig/node12": "^1.0.7",
        "@tsconfig/node14": "^1.0.0",
        "@tsconfig/node16": "^1.0.2",
        "acorn": "^8.4.1",
        "acorn-walk": "^8.1.1",
        "arg": "^4.1.0",
        "create-require": "^1.1.0",
        "diff": "^4.0.1",
        "make-error": "^1.1.1",
        "v8-compile-cache-lib": "^3.0.1",
        "yn": "3.1.1"
      },
      "bin": {
        "ts-node": "dist/bin.js",
        "ts-node-cwd": "dist/bin-cwd.js",
        "ts-node-esm": "dist/bin-esm.js",
        "ts-node-script": "dist/bin-script.js",
        "ts-node-transpile-only": "dist/bin-transpile.js",
        "ts-script": "dist/bin-script-deprecated.js"
      },
      "peerDependencies": {
        "@swc/core": ">=1.2.50",
        "@swc/wasm": ">=1.2.50",
        "@types/node": "*",
        "typescript": ">=2.7"
      },
      "peerDependenciesMeta": {
        "@swc/core": {
          "optional": true
        },
        "@swc/wasm": {
          "optional": true
        }
      }
    },
    "node_modules/tslib": {
      "version": "2.5.0",
      "license": "0BSD"
    },
    "node_modules/typescript": {
      "version": "4.7.4",
      "license": "Apache-2.0",
      "bin": {
        "tsc": "bin/tsc",
        "tsserver": "bin/tsserver"
      },
      "engines": {
        "node": ">=4.2.0"
      }
    },
    "node_modules/utif": {
      "version": "2.0.1",
      "license": "MIT",
      "dependencies": {
        "pako": "^1.0.5"
      }
    },
    "node_modules/util-deprecate": {
      "version": "1.0.2",
      "license": "MIT"
    },
    "node_modules/v8-compile-cache-lib": {
      "version": "3.0.1",
      "license": "MIT"
    },
    "node_modules/wrappy": {
      "version": "1.0.2",
      "license": "ISC"
    },
    "node_modules/xhr": {
      "version": "2.6.0",
      "license": "MIT",
      "dependencies": {
        "global": "~4.4.0",
        "is-function": "^1.0.1",
        "parse-headers": "^2.0.0",
        "xtend": "^4.0.0"
      }
    },
    "node_modules/xml-parse-from-string": {
      "version": "1.0.1",
      "license": "MIT"
    },
    "node_modules/xml2js": {
      "version": "0.4.23",
      "license": "MIT",
      "dependencies": {
        "sax": ">=0.6.0",
        "xmlbuilder": "~11.0.0"
      },
      "engines": {
        "node": ">=4.0.0"
      }
    },
    "node_modules/xmlbuilder": {
      "version": "11.0.1",
      "license": "MIT",
      "engines": {
        "node": ">=4.0"
      }
    },
    "node_modules/xtend": {
      "version": "4.0.2",
      "license": "MIT",
      "engines": {
        "node": ">=0.4"
      }
    },
    "node_modules/yn": {
      "version": "3.1.1",
      "license": "MIT",
      "engines": {
        "node": ">=6"
      }
    }
  }
}
